
Microsoft Visual Studio Solution File, Format Version 12.00
# Visual Studio 15
VisualStudioVersion = 15.0.28307.572
MinimumVisualStudioVersion = 10.0.40219.1
Project("{FAE04EC0-301F-11D3-BF4B-00C04F79EFBC}") = "problem 4", "problem 4.csproj", "{307276F5-071F-4278-9C38-ABEFADBC6D5A}"
EndProject
Global
	GlobalSection(SolutionConfigurationPlatforms) = preSolution
		Debug|Any CPU = Debug|Any CPU
		Release|Any CPU = Release|Any CPU
	EndGlobalSection
	GlobalSection(ProjectConfigurationPlatforms) = postSolution
		{307276F5-071F-4278-9C38-ABEFADBC6D5A}.Debug|Any CPU.ActiveCfg = Debug|Any CPU
		{307276F5-071F-4278-9C38-ABEFADBC6D5A}.Debug|Any CPU.Build.0 = Debug|Any CPU
		{307276F5-071F-4278-9C38-ABEFADBC6D5A}.Release|Any CPU.ActiveCfg = Release|Any CPU
		{307276F5-071F-4278-9C38-ABEFADBC6D5A}.Release|Any CPU.Build.0 = Release|Any CPU
	EndGlobalSection
	GlobalSection(SolutionProperties) = preSolution
		HideSolutionNode = FALSE
	EndGlobalSection
	GlobalSection(ExtensibilityGlobals) = postSolution
		SolutionGuid = {7486A866-0E25-49FA-BC12-41B8E9CFDCE9}
	EndGlobalSection
EndGlobal
