
Microsoft Visual Studio Solution File, Format Version 12.00
# Visual Studio 15
VisualStudioVersion = 15.0.28307.572
MinimumVisualStudioVersion = 10.0.40219.1
Project("{FAE04EC0-301F-11D3-BF4B-00C04F79EFBC}") = "BankAccountPractice", "BankAccountPractice\BankAccountPractice.csproj", "{99ECA93F-E2DA-40AD-B2E3-0D68B73911CC}"
EndProject
Global
	GlobalSection(SolutionConfigurationPlatforms) = preSolution
		Debug|Any CPU = Debug|Any CPU
		Release|Any CPU = Release|Any CPU
	EndGlobalSection
	GlobalSection(ProjectConfigurationPlatforms) = postSolution
		{99ECA93F-E2DA-40AD-B2E3-0D68B73911CC}.Debug|Any CPU.ActiveCfg = Debug|Any CPU
		{99ECA93F-E2DA-40AD-B2E3-0D68B73911CC}.Debug|Any CPU.Build.0 = Debug|Any CPU
		{99ECA93F-E2DA-40AD-B2E3-0D68B73911CC}.Release|Any CPU.ActiveCfg = Release|Any CPU
		{99ECA93F-E2DA-40AD-B2E3-0D68B73911CC}.Release|Any CPU.Build.0 = Release|Any CPU
	EndGlobalSection
	GlobalSection(SolutionProperties) = preSolution
		HideSolutionNode = FALSE
	EndGlobalSection
	GlobalSection(ExtensibilityGlobals) = postSolution
		SolutionGuid = {D0AD2483-C71C-4E52-96DE-F548DF54FDE2}
	EndGlobalSection
EndGlobal
