
Microsoft Visual Studio Solution File, Format Version 12.00
# Visual Studio 15
VisualStudioVersion = 15.0.28307.572
MinimumVisualStudioVersion = 10.0.40219.1
Project("{FAE04EC0-301F-11D3-BF4B-00C04F79EFBC}") = "work 2", "work 2.csproj", "{38523119-D789-45A7-8D4B-25FEFAE38525}"
EndProject
Global
	GlobalSection(SolutionConfigurationPlatforms) = preSolution
		Debug|Any CPU = Debug|Any CPU
		Release|Any CPU = Release|Any CPU
	EndGlobalSection
	GlobalSection(ProjectConfigurationPlatforms) = postSolution
		{38523119-D789-45A7-8D4B-25FEFAE38525}.Debug|Any CPU.ActiveCfg = Debug|Any CPU
		{38523119-D789-45A7-8D4B-25FEFAE38525}.Debug|Any CPU.Build.0 = Debug|Any CPU
		{38523119-D789-45A7-8D4B-25FEFAE38525}.Release|Any CPU.ActiveCfg = Release|Any CPU
		{38523119-D789-45A7-8D4B-25FEFAE38525}.Release|Any CPU.Build.0 = Release|Any CPU
	EndGlobalSection
	GlobalSection(SolutionProperties) = preSolution
		HideSolutionNode = FALSE
	EndGlobalSection
	GlobalSection(ExtensibilityGlobals) = postSolution
		SolutionGuid = {448B255B-CAC7-44F0-B269-6A90F2E5D2BA}
	EndGlobalSection
EndGlobal
