
Microsoft Visual Studio Solution File, Format Version 12.00
# Visual Studio 15
VisualStudioVersion = 15.0.28307.572
MinimumVisualStudioVersion = 10.0.40219.1
Project("{FAE04EC0-301F-11D3-BF4B-00C04F79EFBC}") = "BookInformation", "BookInformation\BookInformation.csproj", "{3C3A8E83-E278-4042-815C-9CB785928A97}"
EndProject
Global
	GlobalSection(SolutionConfigurationPlatforms) = preSolution
		Debug|Any CPU = Debug|Any CPU
		Release|Any CPU = Release|Any CPU
	EndGlobalSection
	GlobalSection(ProjectConfigurationPlatforms) = postSolution
		{3C3A8E83-E278-4042-815C-9CB785928A97}.Debug|Any CPU.ActiveCfg = Debug|Any CPU
		{3C3A8E83-E278-4042-815C-9CB785928A97}.Debug|Any CPU.Build.0 = Debug|Any CPU
		{3C3A8E83-E278-4042-815C-9CB785928A97}.Release|Any CPU.ActiveCfg = Release|Any CPU
		{3C3A8E83-E278-4042-815C-9CB785928A97}.Release|Any CPU.Build.0 = Release|Any CPU
	EndGlobalSection
	GlobalSection(SolutionProperties) = preSolution
		HideSolutionNode = FALSE
	EndGlobalSection
	GlobalSection(ExtensibilityGlobals) = postSolution
		SolutionGuid = {159733AF-8A94-413B-A9C6-05440B7FC20A}
	EndGlobalSection
EndGlobal
